// !$*UTF8*$!
{
	archiveVersion = 1;
	classes = {
	};
	objectVersion = 50;
	objects = {

/* Begin PBXBuildFile section */
		F7A8C2DA23EEB7A9002E6AAA /* AppDelegate.swift in Sources */ = {isa = PBXBuildFile; fileRef = F7A8C2D923EEB7A9002E6AAA /* AppDelegate.swift */; };
		F7A8C2DC23EEB7A9002E6AAA /* SceneDelegate.swift in Sources */ = {isa = PBXBuildFile; fileRef = F7A8C2DB23EEB7A9002E6AAA /* SceneDelegate.swift */; };
		F7A8C2DE23EEB7A9002E6AAA /* ViewController.swift in Sources */ = {isa = PBXBuildFile; fileRef = F7A8C2DD23EEB7A9002E6AAA /* ViewController.swift */; };
		F7A8C2E123EEB7A9002E6AAA /* Main.storyboard in Resources */ = {isa = PBXBuildFile; fileRef = F7A8C2DF23EEB7A9002E6AAA /* Main.storyboard */; };
		F7A8C2E323EEB7AB002E6AAA /* Assets.xcassets in Resources */ = {isa = PBXBuildFile; fileRef = F7A8C2E223EEB7AB002E6AAA /* Assets.xcassets */; };
		F7A8C2E623EEB7AB002E6AAA /* LaunchScreen.storyboard in Resources */ = {isa = PBXBuildFile; fileRef = F7A8C2E423EEB7AB002E6AAA /* LaunchScreen.storyboard */; };
		F7A8C2F123EEB7AB002E6AAA /* UITestTests.swift in Sources */ = {isa = PBXBuildFile; fileRef = F7A8C2F023EEB7AB002E6AAA /* UITestTests.swift */; };
		F7A8C2FC23EEB7AB002E6AAA /* UITestUITests.swift in Sources */ = {isa = PBXBuildFile; fileRef = F7A8C2FB23EEB7AB002E6AAA /* UITestUITests.swift */; };
/* End PBXBuildFile section */

/* Begin PBXContainerItemProxy section */
		F7A8C2ED23EEB7AB002E6AAA /* PBXContainerItemProxy */ = {
			isa = PBXContainerItemProxy;
			containerPortal = F7A8C2CE23EEB7A9002E6AAA /* Project object */;
			proxyType = 1;
			remoteGlobalIDString = F7A8C2D523EEB7A9002E6AAA;
			remoteInfo = UITest;
		};
		F7A8C2F823EEB7AB002E6AAA /* PBXContainerItemProxy */ = {
			isa = PBXContainerItemProxy;
			containerPortal = F7A8C2CE23EEB7A9002E6AAA /* Project object */;
			proxyType = 1;
			remoteGlobalIDString = F7A8C2D523EEB7A9002E6AAA;
			remoteInfo = UITest;
		};
/* End PBXContainerItemProxy section */

/* Begin PBXFileReference section */
		F7A8C2D623EEB7A9002E6AAA /* UITest.app */ = {isa = PBXFileReference; explicitFileType = wrapper.application; includeInIndex = 0; path = UITest.app; sourceTree = BUILT_PRODUCTS_DIR; };
		F7A8C2D923EEB7A9002E6AAA /* AppDelegate.swift */ = {isa = PBXFileReference; lastKnownFileType = sourcecode.swift; path = AppDelegate.swift; sourceTree = "<group>"; };
		F7A8C2DB23EEB7A9002E6AAA /* SceneDelegate.swift */ = {isa = PBXFileReference; lastKnownFileType = sourcecode.swift; path = SceneDelegate.swift; sourceTree = "<group>"; };
		F7A8C2DD23EEB7A9002E6AAA /* ViewController.swift */ = {isa = PBXFileReference; lastKnownFileType = sourcecode.swift; path = ViewController.swift; sourceTree = "<group>"; };
		F7A8C2E023EEB7A9002E6AAA /* Base */ = {isa = PBXFileReference; lastKnownFileType = file.storyboard; name = Base; path = Base.lproj/Main.storyboard; sourceTree = "<group>"; };
		F7A8C2E223EEB7AB002E6AAA /* Assets.xcassets */ = {isa = PBXFileReference; lastKnownFileType = folder.assetcatalog; path = Assets.xcassets; sourceTree = "<group>"; };
		F7A8C2E523EEB7AB002E6AAA /* Base */ = {isa = PBXFileReference; lastKnownFileType = file.storyboard; name = Base; path = Base.lproj/LaunchScreen.storyboard; sourceTree = "<group>"; };
		F7A8C2E723EEB7AB002E6AAA /* Info.plist */ = {isa = PBXFileReference; lastKnownFileType = text.plist.xml; path = Info.plist; sourceTree = "<group>"; };
		F7A8C2EC23EEB7AB002E6AAA /* UITestTests.xctest */ = {isa = PBXFileReference; explicitFileType = wrapper.cfbundle; includeInIndex = 0; path = UITestTests.xctest; sourceTree = BUILT_PRODUCTS_DIR; };
		F7A8C2F023EEB7AB002E6AAA /* UITestTests.swift */ = {isa = PBXFileReference; lastKnownFileType = sourcecode.swift; path = UITestTests.swift; sourceTree = "<group>"; };
		F7A8C2F223EEB7AB002E6AAA /* Info.plist */ = {isa = PBXFileReference; lastKnownFileType = text.plist.xml; path = Info.plist; sourceTree = "<group>"; };
		F7A8C2F723EEB7AB002E6AAA /* UITestUITests.xctest */ = {isa = PBXFileReference; explicitFileType = wrapper.cfbundle; includeInIndex = 0; path = UITestUITests.xctest; sourceTree = BUILT_PRODUCTS_DIR; };
		F7A8C2FB23EEB7AB002E6AAA /* UITestUITests.swift */ = {isa = PBXFileReference; lastKnownFileType = sourcecode.swift; path = UITestUITests.swift; sourceTree = "<group>"; };
		F7A8C2FD23EEB7AB002E6AAA /* Info.plist */ = {isa = PBXFileReference; lastKnownFileType = text.plist.xml; path = Info.plist; sourceTree = "<group>"; };
/* End PBXFileReference section */

/* Begin PBXFrameworksBuildPhase section */
		F7A8C2D323EEB7A9002E6AAA /* Frameworks */ = {
			isa = PBXFrameworksBuildPhase;
			buildActionMask = 2147483647;
			files = (
			);
			runOnlyForDeploymentPostprocessing = 0;
		};
		F7A8C2E923EEB7AB002E6AAA /* Frameworks */ = {
			isa = PBXFrameworksBuildPhase;
			buildActionMask = 2147483647;
			files = (
			);
			runOnlyForDeploymentPostprocessing = 0;
		};
		F7A8C2F423EEB7AB002E6AAA /* Frameworks */ = {
			isa = PBXFrameworksBuildPhase;
			buildActionMask = 2147483647;
			files = (
			);
			runOnlyForDeploymentPostprocessing = 0;
		};
/* End PBXFrameworksBuildPhase section */

/* Begin PBXGroup section */
		F7A8C2CD23EEB7A9002E6AAA = {
			isa = PBXGroup;
			children = (
				F7A8C2D823EEB7A9002E6AAA /* UITest */,
				F7A8C2EF23EEB7AB002E6AAA /* UITestTests */,
				F7A8C2FA23EEB7AB002E6AAA /* UITestUITests */,
				F7A8C2D723EEB7A9002E6AAA /* Products */,
			);
			sourceTree = "<group>";
		};
		F7A8C2D723EEB7A9002E6AAA /* Products */ = {
			isa = PBXGroup;
			children = (
				F7A8C2D623EEB7A9002E6AAA /* UITest.app */,
				F7A8C2EC23EEB7AB002E6AAA /* UITestTests.xctest */,
				F7A8C2F723EEB7AB002E6AAA /* UITestUITests.xctest */,
			);
			name = Products;
			sourceTree = "<group>";
		};
		F7A8C2D823EEB7A9002E6AAA /* UITest */ = {
			isa = PBXGroup;
			children = (
				F7A8C2D923EEB7A9002E6AAA /* AppDelegate.swift */,
				F7A8C2DB23EEB7A9002E6AAA /* SceneDelegate.swift */,
				F7A8C2DD23EEB7A9002E6AAA /* ViewController.swift */,
				F7A8C2DF23EEB7A9002E6AAA /* Main.storyboard */,
				F7A8C2E223EEB7AB002E6AAA /* Assets.xcassets */,
				F7A8C2E423EEB7AB002E6AAA /* LaunchScreen.storyboard */,
				F7A8C2E723EEB7AB002E6AAA /* Info.plist */,
			);
			path = UITest;
			sourceTree = "<group>";
		};
		F7A8C2EF23EEB7AB002E6AAA /* UITestTests */ = {
			isa = PBXGroup;
			children = (
				F7A8C2F023EEB7AB002E6AAA /* UITestTests.swift */,
				F7A8C2F223EEB7AB002E6AAA /* Info.plist */,
			);
			path = UITestTests;
			sourceTree = "<group>";
		};
		F7A8C2FA23EEB7AB002E6AAA /* UITestUITests */ = {
			isa = PBXGroup;
			children = (
				F7A8C2FB23EEB7AB002E6AAA /* UITestUITests.swift */,
				F7A8C2FD23EEB7AB002E6AAA /* Info.plist */,
			);
			path = UITestUITests;
			sourceTree = "<group>";
		};
/* End PBXGroup section */

/* Begin PBXNativeTarget section */
		F7A8C2D523EEB7A9002E6AAA /* UITest */ = {
			isa = PBXNativeTarget;
			buildConfigurationList = F7A8C30023EEB7AB002E6AAA /* Build configuration list for PBXNativeTarget "UITest" */;
			buildPhases = (
				F7A8C2D223EEB7A9002E6AAA /* Sources */,
				F7A8C2D323EEB7A9002E6AAA /* Frameworks */,
				F7A8C2D423EEB7A9002E6AAA /* Resources */,
			);
			buildRules = (
			);
			dependencies = (
			);
			name = UITest;
			productName = UITest;
			productReference = F7A8C2D623EEB7A9002E6AAA /* UITest.app */;
			productType = "com.apple.product-type.application";
		};
		F7A8C2EB23EEB7AB002E6AAA /* UITestTests */ = {
			isa = PBXNativeTarget;
			buildConfigurationList = F7A8C30323EEB7AB002E6AAA /* Build configuration list for PBXNativeTarget "UITestTests" */;
			buildPhases = (
				F7A8C2E823EEB7AB002E6AAA /* Sources */,
				F7A8C2E923EEB7AB002E6AAA /* Frameworks */,
				F7A8C2EA23EEB7AB002E6AAA /* Resources */,
			);
			buildRules = (
			);
			dependencies = (
				F7A8C2EE23EEB7AB002E6AAA /* PBXTargetDependency */,
			);
			name = UITestTests;
			productName = UITestTests;
			productReference = F7A8C2EC23EEB7AB002E6AAA /* UITestTests.xctest */;
			productType = "com.apple.product-type.bundle.unit-test";
		};
		F7A8C2F623EEB7AB002E6AAA /* UITestUITests */ = {
			isa = PBXNativeTarget;
			buildConfigurationList = F7A8C30623EEB7AB002E6AAA /* Build configuration list for PBXNativeTarget "UITestUITests" */;
			buildPhases = (
				F7A8C2F323EEB7AB002E6AAA /* Sources */,
				F7A8C2F423EEB7AB002E6AAA /* Frameworks */,
				F7A8C2F523EEB7AB002E6AAA /* Resources */,
			);
			buildRules = (
			);
			dependencies = (
				F7A8C2F923EEB7AB002E6AAA /* PBXTargetDependency */,
			);
			name = UITestUITests;
			productName = UITestUITests;
			productReference = F7A8C2F723EEB7AB002E6AAA /* UITestUITests.xctest */;
			productType = "com.apple.product-type.bundle.ui-testing";
		};
/* End PBXNativeTarget section */

/* Begin PBXProject section */
		F7A8C2CE23EEB7A9002E6AAA /* Project object */ = {
			isa = PBXProject;
			attributes = {
				LastSwiftUpdateCheck = 1130;
				LastUpgradeCheck = 1130;
				ORGANIZATIONNAME = "Moeen Ahmad Test";
				TargetAttributes = {
					F7A8C2D523EEB7A9002E6AAA = {
						CreatedOnToolsVersion = 11.3.1;
					};
					F7A8C2EB23EEB7AB002E6AAA = {
						CreatedOnToolsVersion = 11.3.1;
						TestTargetID = F7A8C2D523EEB7A9002E6AAA;
					};
					F7A8C2F623EEB7AB002E6AAA = {
						CreatedOnToolsVersion = 11.3.1;
						TestTargetID = F7A8C2D523EEB7A9002E6AAA;
					};
				};
			};
			buildConfigurationList = F7A8C2D123EEB7A9002E6AAA /* Build configuration list for PBXProject "UITest" */;
			compatibilityVersion = "Xcode 9.3";
			developmentRegion = en;
			hasScannedForEncodings = 0;
			knownRegions = (
				en,
				Base,
			);
			mainGroup = F7A8C2CD23EEB7A9002E6AAA;
			productRefGroup = F7A8C2D723EEB7A9002E6AAA /* Products */;
			projectDirPath = "";
			projectRoot = "";
			targets = (
				F7A8C2D523EEB7A9002E6AAA /* UITest */,
				F7A8C2EB23EEB7AB002E6AAA /* UITestTests */,
				F7A8C2F623EEB7AB002E6AAA /* UITestUITests */,
			);
		};
/* End PBXProject section */

/* Begin PBXResourcesBuildPhase section */
		F7A8C2D423EEB7A9002E6AAA /* Resources */ = {
			isa = PBXResourcesBuildPhase;
			buildActionMask = 2147483647;
			files = (
				F7A8C2E623EEB7AB002E6AAA /* LaunchScreen.storyboard in Resources */,
				F7A8C2E323EEB7AB002E6AAA /* Assets.xcassets in Resources */,
				F7A8C2E123EEB7A9002E6AAA /* Main.storyboard in Resources */,
			);
			runOnlyForDeploymentPostprocessing = 0;
		};
		F7A8C2EA23EEB7AB002E6AAA /* Resources */ = {
			isa = PBXResourcesBuildPhase;
			buildActionMask = 2147483647;
			files = (
			);
			runOnlyForDeploymentPostprocessing = 0;
		};
		F7A8C2F523EEB7AB002E6AAA /* Resources */ = {
			isa = PBXResourcesBuildPhase;
			buildActionMask = 2147483647;
			files = (
			);
			runOnlyForDeploymentPostprocessing = 0;
		};
/* End PBXResourcesBuildPhase section */

/* Begin PBXSourcesBuildPhase section */
		F7A8C2D223EEB7A9002E6AAA /* Sources */ = {
			isa = PBXSourcesBuildPhase;
			buildActionMask = 2147483647;
			files = (
				F7A8C2DE23EEB7A9002E6AAA /* ViewController.swift in Sources */,
				F7A8C2DA23EEB7A9002E6AAA /* AppDelegate.swift in Sources */,
				F7A8C2DC23EEB7A9002E6AAA /* SceneDelegate.swift in Sources */,
			);
			runOnlyForDeploymentPostprocessing = 0;
		};
		F7A8C2E823EEB7AB002E6AAA /* Sources */ = {
			isa = PBXSourcesBuildPhase;
			buildActionMask = 2147483647;
			files = (
				F7A8C2F123EEB7AB002E6AAA /* UITestTests.swift in Sources */,
			);
			runOnlyForDeploymentPostprocessing = 0;
		};
		F7A8C2F323EEB7AB002E6AAA /* Sources */ = {
			isa = PBXSourcesBuildPhase;
			buildActionMask = 2147483647;
			files = (
				F7A8C2FC23EEB7AB002E6AAA /* UITestUITests.swift in Sources */,
			);
			runOnlyForDeploymentPostprocessing = 0;
		};
/* End PBXSourcesBuildPhase section */

/* Begin PBXTargetDependency section */
		F7A8C2EE23EEB7AB002E6AAA /* PBXTargetDependency */ = {
			isa = PBXTargetDependency;
			target = F7A8C2D523EEB7A9002E6AAA /* UITest */;
			targetProxy = F7A8C2ED23EEB7AB002E6AAA /* PBXContainerItemProxy */;
		};
		F7A8C2F923EEB7AB002E6AAA /* PBXTargetDependency */ = {
			isa = PBXTargetDependency;
			target = F7A8C2D523EEB7A9002E6AAA /* UITest */;
			targetProxy = F7A8C2F823EEB7AB002E6AAA /* PBXContainerItemProxy */;
		};
/* End PBXTargetDependency section */

/* Begin PBXVariantGroup section */
		F7A8C2DF23EEB7A9002E6AAA /* Main.storyboard */ = {
			isa = PBXVariantGroup;
			children = (
				F7A8C2E023EEB7A9002E6AAA /* Base */,
			);
			name = Main.storyboard;
			sourceTree = "<group>";
		};
		F7A8C2E423EEB7AB002E6AAA /* LaunchScreen.storyboard */ = {
			isa = PBXVariantGroup;
			children = (
				F7A8C2E523EEB7AB002E6AAA /* Base */,
			);
			name = LaunchScreen.storyboard;
			sourceTree = "<group>";
		};
/* End PBXVariantGroup section */

/* Begin XCBuildConfiguration section */
		F7A8C2FE23EEB7AB002E6AAA /* Debug */ = {
			isa = XCBuildConfiguration;
			buildSettings = {
				ALWAYS_SEARCH_USER_PATHS = NO;
				CLANG_ANALYZER_NONNULL = YES;
				CLANG_ANALYZER_NUMBER_OBJECT_CONVERSION = YES_AGGRESSIVE;
				CLANG_CXX_LANGUAGE_STANDARD = "gnu++14";
				CLANG_CXX_LIBRARY = "libc++";
				CLANG_ENABLE_MODULES = YES;
				CLANG_ENABLE_OBJC_ARC = YES;
				CLANG_ENABLE_OBJC_WEAK = YES;
				CLANG_WARN_BLOCK_CAPTURE_AUTORELEASING = YES;
				CLANG_WARN_BOOL_CONVERSION = YES;
				CLANG_WARN_COMMA = YES;
				CLANG_WARN_CONSTANT_CONVERSION = YES;
				CLANG_WARN_DEPRECATED_OBJC_IMPLEMENTATIONS = YES;
				CLANG_WARN_DIRECT_OBJC_ISA_USAGE = YES_ERROR;
				CLANG_WARN_DOCUMENTATION_COMMENTS = YES;
				CLANG_WARN_EMPTY_BODY = YES;
				CLANG_WARN_ENUM_CONVERSION = YES;
				CLANG_WARN_INFINITE_RECURSION = YES;
				CLANG_WARN_INT_CONVERSION = YES;
				CLANG_WARN_NON_LITERAL_NULL_CONVERSION = YES;
				CLANG_WARN_OBJC_IMPLICIT_RETAIN_SELF = YES;
				CLANG_WARN_OBJC_LITERAL_CONVERSION = YES;
				CLANG_WARN_OBJC_ROOT_CLASS = YES_ERROR;
				CLANG_WARN_RANGE_LOOP_ANALYSIS = YES;
				CLANG_WARN_STRICT_PROTOTYPES = YES;
				CLANG_WARN_SUSPICIOUS_MOVE = YES;
				CLANG_WARN_UNGUARDED_AVAILABILITY = YES_AGGRESSIVE;
				CLANG_WARN_UNREACHABLE_CODE = YES;
				CLANG_WARN__DUPLICATE_METHOD_MATCH = YES;
				COPY_PHASE_STRIP = NO;
				DEBUG_INFORMATION_FORMAT = dwarf;
				ENABLE_STRICT_OBJC_MSGSEND = YES;
				ENABLE_TESTABILITY = YES;
				GCC_C_LANGUAGE_STANDARD = gnu11;
				GCC_DYNAMIC_NO_PIC = NO;
				GCC_NO_COMMON_BLOCKS = YES;
				GCC_OPTIMIZATION_LEVEL = 0;
				GCC_PREPROCESSOR_DEFINITIONS = (
					"DEBUG=1",
					"$(inherited)",
				);
				GCC_WARN_64_TO_32_BIT_CONVERSION = YES;
				GCC_WARN_ABOUT_RETURN_TYPE = YES_ERROR;
				GCC_WARN_UNDECLARED_SELECTOR = YES;
				GCC_WARN_UNINITIALIZED_AUTOS = YES_AGGRESSIVE;
				GCC_WARN_UNUSED_FUNCTION = YES;
				GCC_WARN_UNUSED_VARIABLE = YES;
				IPHONEOS_DEPLOYMENT_TARGET = 13.2;
				MTL_ENABLE_DEBUG_INFO = INCLUDE_SOURCE;
				MTL_FAST_MATH = YES;
				ONLY_ACTIVE_ARCH = YES;
				SDKROOT = iphoneos;
				SWIFT_ACTIVE_COMPILATION_CONDITIONS = DEBUG;
				SWIFT_OPTIMIZATION_LEVEL = "-Onone";
			};
			name = Debug;
		};
		F7A8C2FF23EEB7AB002E6AAA /* Release */ = {
			isa = XCBuildConfiguration;
			buildSettings = {
				ALWAYS_SEARCH_USER_PATHS = NO;
				CLANG_ANALYZER_NONNULL = YES;
				CLANG_ANALYZER_NUMBER_OBJECT_CONVERSION = YES_AGGRESSIVE;
				CLANG_CXX_LANGUAGE_STANDARD = "gnu++14";
				CLANG_CXX_LIBRARY = "libc++";
				CLANG_ENABLE_MODULES = YES;
				CLANG_ENABLE_OBJC_ARC = YES;
				CLANG_ENABLE_OBJC_WEAK = YES;
				CLANG_WARN_BLOCK_CAPTURE_AUTORELEASING = YES;
				CLANG_WARN_BOOL_CONVERSION = YES;
				CLANG_WARN_COMMA = YES;
				CLANG_WARN_CONSTANT_CONVERSION = YES;
				CLANG_WARN_DEPRECATED_OBJC_IMPLEMENTATIONS = YES;
				CLANG_WARN_DIRECT_OBJC_ISA_USAGE = YES_ERROR;
				CLANG_WARN_DOCUMENTATION_COMMENTS = YES;
				CLANG_WARN_EMPTY_BODY = YES;
				CLANG_WARN_ENUM_CONVERSION = YES;
				CLANG_WARN_INFINITE_RECURSION = YES;
				CLANG_WARN_INT_CONVERSION = YES;
				CLANG_WARN_NON_LITERAL_NULL_CONVERSION = YES;
				CLANG_WARN_OBJC_IMPLICIT_RETAIN_SELF = YES;
				CLANG_WARN_OBJC_LITERAL_CONVERSION = YES;
				CLANG_WARN_OBJC_ROOT_CLASS = YES_ERROR;
				CLANG_WARN_RANGE_LOOP_ANALYSIS = YES;
				CLANG_WARN_STRICT_PROTOTYPES = YES;
				CLANG_WARN_SUSPICIOUS_MOVE = YES;
				CLANG_WARN_UNGUARDED_AVAILABILITY = YES_AGGRESSIVE;
				CLANG_WARN_UNREACHABLE_CODE = YES;
				CLANG_WARN__DUPLICATE_METHOD_MATCH = YES;
				COPY_PHASE_STRIP = NO;
				DEBUG_INFORMATION_FORMAT = "dwarf-with-dsym";
				ENABLE_NS_ASSERTIONS = NO;
				ENABLE_STRICT_OBJC_MSGSEND = YES;
				GCC_C_LANGUAGE_STANDARD = gnu11;
				GCC_NO_COMMON_BLOCKS = YES;
				GCC_WARN_64_TO_32_BIT_CONVERSION = YES;
				GCC_WARN_ABOUT_RETURN_TYPE = YES_ERROR;
				GCC_WARN_UNDECLARED_SELECTOR = YES;
				GCC_WARN_UNINITIALIZED_AUTOS = YES_AGGRESSIVE;
				GCC_WARN_UNUSED_FUNCTION = YES;
				GCC_WARN_UNUSED_VARIABLE = YES;
				IPHONEOS_DEPLOYMENT_TARGET = 13.2;
				MTL_ENABLE_DEBUG_INFO = NO;
				MTL_FAST_MATH = YES;
				SDKROOT = iphoneos;
				SWIFT_COMPILATION_MODE = wholemodule;
				SWIFT_OPTIMIZATION_LEVEL = "-O";
				VALIDATE_PRODUCT = YES;
			};
			name = Release;
		};
		F7A8C30123EEB7AB002E6AAA /* Debug */ = {
			isa = XCBuildConfiguration;
			buildSettings = {
				ASSETCATALOG_COMPILER_APPICON_NAME = AppIcon;
				CODE_SIGN_STYLE = Automatic;
				DEVELOPMENT_TEAM = M86XZ2F344;
				INFOPLIST_FILE = UITest/Info.plist;
				LD_RUNPATH_SEARCH_PATHS = (
					"$(inherited)",
					"@executable_path/Frameworks",
				);
				PRODUCT_BUNDLE_IDENTIFIER = com.moeenahmad05.ae.UITest;
				PRODUCT_NAME = "$(TARGET_NAME)";
				SWIFT_VERSION = 5.0;
				TARGETED_DEVICE_FAMILY = "1,2";
			};
			name = Debug;
		};
		F7A8C30223EEB7AB002E6AAA /* Release */ = {
			isa = XCBuildConfiguration;
			buildSettings = {
				ASSETCATALOG_COMPILER_APPICON_NAME = AppIcon;
				CODE_SIGN_STYLE = Automatic;
				DEVELOPMENT_TEAM = M86XZ2F344;
				INFOPLIST_FILE = UITest/Info.plist;
				LD_RUNPATH_SEARCH_PATHS = (
					"$(inherited)",
					"@executable_path/Frameworks",
				);
				PRODUCT_BUNDLE_IDENTIFIER = com.moeenahmad05.ae.UITest;
				PRODUCT_NAME = "$(TARGET_NAME)";
				SWIFT_VERSION = 5.0;
				TARGETED_DEVICE_FAMILY = "1,2";
			};
			name = Release;
		};
		F7A8C30423EEB7AB002E6AAA /* Debug */ = {
			isa = XCBuildConfiguration;
			buildSettings = {
				ALWAYS_EMBED_SWIFT_STANDARD_LIBRARIES = YES;
				BUNDLE_LOADER = "$(TEST_HOST)";
				CODE_SIGN_STYLE = Automatic;
				DEVELOPMENT_TEAM = M86XZ2F344;
				INFOPLIST_FILE = UITestTests/Info.plist;
				IPHONEOS_DEPLOYMENT_TARGET = 13.2;
				LD_RUNPATH_SEARCH_PATHS = (
					"$(inherited)",
					"@executable_path/Frameworks",
					"@loader_path/Frameworks",
				);
				PRODUCT_BUNDLE_IDENTIFIER = com.moeenahmad05.ae.UITestTests;
				PRODUCT_NAME = "$(TARGET_NAME)";
				SWIFT_VERSION = 5.0;
				TARGETED_DEVICE_FAMILY = "1,2";
				TEST_HOST = "$(BUILT_PRODUCTS_DIR)/UITest.app/UITest";
			};
			name = Debug;
		};
		F7A8C30523EEB7AB002E6AAA /* Release */ = {
			isa = XCBuildConfiguration;
			buildSettings = {
				ALWAYS_EMBED_SWIFT_STANDARD_LIBRARIES = YES;
				BUNDLE_LOADER = "$(TEST_HOST)";
				CODE_SIGN_STYLE = Automatic;
				DEVELOPMENT_TEAM = M86XZ2F344;
				INFOPLIST_FILE = UITestTests/Info.plist;
				IPHONEOS_DEPLOYMENT_TARGET = 13.2;
				LD_RUNPATH_SEARCH_PATHS = (
					"$(inherited)",
					"@executable_path/Frameworks",
					"@loader_path/Frameworks",
				);
				PRODUCT_BUNDLE_IDENTIFIER = com.moeenahmad05.ae.UITestTests;
				PRODUCT_NAME = "$(TARGET_NAME)";
				SWIFT_VERSION = 5.0;
				TARGETED_DEVICE_FAMILY = "1,2";
				TEST_HOST = "$(BUILT_PRODUCTS_DIR)/UITest.app/UITest";
			};
			name = Release;
		};
		F7A8C30723EEB7AB002E6AAA /* Debug */ = {
			isa = XCBuildConfiguration;
			buildSettings = {
				ALWAYS_EMBED_SWIFT_STANDARD_LIBRARIES = YES;
				CODE_SIGN_STYLE = Automatic;
				DEVELOPMENT_TEAM = M86XZ2F344;
				INFOPLIST_FILE = UITestUITests/Info.plist;
				LD_RUNPATH_SEARCH_PATHS = (
					"$(inherited)",
					"@executable_path/Frameworks",
					"@loader_path/Frameworks",
				);
				PRODUCT_BUNDLE_IDENTIFIER = com.moeenahmad05.ae.UITestUITests;
				PRODUCT_NAME = "$(TARGET_NAME)";
				SWIFT_VERSION = 5.0;
				TARGETED_DEVICE_FAMILY = "1,2";
				TEST_TARGET_NAME = UITest;
			};
			name = Debug;
		};
		F7A8C30823EEB7AB002E6AAA /* Release */ = {
			isa = XCBuildConfiguration;
			buildSettings = {
				ALWAYS_EMBED_SWIFT_STANDARD_LIBRARIES = YES;
				CODE_SIGN_STYLE = Automatic;
				DEVELOPMENT_TEAM = M86XZ2F344;
				INFOPLIST_FILE = UITestUITests/Info.plist;
				LD_RUNPATH_SEARCH_PATHS = (
					"$(inherited)",
					"@executable_path/Frameworks",
					"@loader_path/Frameworks",
				);
				PRODUCT_BUNDLE_IDENTIFIER = com.moeenahmad05.ae.UITestUITests;
				PRODUCT_NAME = "$(TARGET_NAME)";
				SWIFT_VERSION = 5.0;
				TARGETED_DEVICE_FAMILY = "1,2";
				TEST_TARGET_NAME = UITest;
			};
			name = Release;
		};
/* End XCBuildConfiguration section */

/* Begin XCConfigurationList section */
		F7A8C2D123EEB7A9002E6AAA /* Build configuration list for PBXProject "UITest" */ = {
			isa = XCConfigurationList;
			buildConfigurations = (
				F7A8C2FE23EEB7AB002E6AAA /* Debug */,
				F7A8C2FF23EEB7AB002E6AAA /* Release */,
			);
			defaultConfigurationIsVisible = 0;
			defaultConfigurationName = Release;
		};
		F7A8C30023EEB7AB002E6AAA /* Build configuration list for PBXNativeTarget "UITest" */ = {
			isa = XCConfigurationList;
			buildConfigurations = (
				F7A8C30123EEB7AB002E6AAA /* Debug */,
				F7A8C30223EEB7AB002E6AAA /* Release */,
			);
			defaultConfigurationIsVisible = 0;
			defaultConfigurationName = Release;
		};
		F7A8C30323EEB7AB002E6AAA /* Build configuration list for PBXNativeTarget "UITestTests" */ = {
			isa = XCConfigurationList;
			buildConfigurations = (
				F7A8C30423EEB7AB002E6AAA /* Debug */,
				F7A8C30523EEB7AB002E6AAA /* Release */,
			);
			defaultConfigurationIsVisible = 0;
			defaultConfigurationName = Release;
		};
		F7A8C30623EEB7AB002E6AAA /* Build configuration list for PBXNativeTarget "UITestUITests" */ = {
			isa = XCConfigurationList;
			buildConfigurations = (
				F7A8C30723EEB7AB002E6AAA /* Debug */,
				F7A8C30823EEB7AB002E6AAA /* Release */,
			);
			defaultConfigurationIsVisible = 0;
			defaultConfigurationName = Release;
		};
/* End XCConfigurationList section */
	};
	rootObject = F7A8C2CE23EEB7A9002E6AAA /* Project object */;
}
